schema: '2.0'
stages:
  make_splits:
    cmd: uv run data
    deps:
    - path: data/raw/oxford-iiit-pet
      hash: md5
      md5: f24efadffa0d858ad2f599e2fb934b36.dir
      size: 821045236
      nfiles: 25864
    - path: src/pet_breed_classification/config.py
      hash: md5
      md5: a7b65cd87bc49fd9f31731de60e5928a
      size: 1807
    - path: src/pet_breed_classification/data.py
      hash: md5
      md5: 3d1998775f72398aafbe16307a940253
      size: 4032
    outs:
    - path: data/processed/splits/test.txt
      hash: md5
      md5: 9bc0a4207bfef234b5d00c97f736998b
      size: 57634
    - path: data/processed/splits/train.txt
      hash: md5
      md5: 559b341c0da568e4c4296b136c13b201
      size: 51898
    - path: data/processed/splits/val.txt
      hash: md5
      md5: 402152f63ff98e9469e3b9daea525eaa
      size: 9119
  build_manifest:
    cmd: uv run manifest
    deps:
    - path: data/processed/splits/test.txt
      hash: md5
      md5: 9bc0a4207bfef234b5d00c97f736998b
      size: 57634
    - path: data/processed/splits/train.txt
      hash: md5
      md5: 559b341c0da568e4c4296b136c13b201
      size: 51898
    - path: data/processed/splits/val.txt
      hash: md5
      md5: 402152f63ff98e9469e3b9daea525eaa
      size: 9119
    - path: data/raw/oxford-iiit-pet
      hash: md5
      md5: f24efadffa0d858ad2f599e2fb934b36.dir
      size: 821045236
      nfiles: 25864
    - path: src/pet_breed_classification/config.py
      hash: md5
      md5: a7b65cd87bc49fd9f31731de60e5928a
      size: 1807
    - path: src/pet_breed_classification/manifest.py
      hash: md5
      md5: 86bc385f6c6f715ab82a29964144c690
      size: 5019
    outs:
    - path: data/processed/label_map.json
      hash: md5
      md5: 58e6c100d28f74b99d1879cf6815876d
      size: 794
    - path: data/processed/manifest.json
      hash: md5
      md5: 9d6b0d23764823ca94d8e42122606a40
      size: 2094770
  build_corruptions:
    cmd: uv run corruptions
    deps:
    - path: data/processed/manifest.json
      hash: md5
      md5: 9d6b0d23764823ca94d8e42122606a40
      size: 2094770
    - path: data/processed/splits/test.txt
      hash: md5
      md5: 9bc0a4207bfef234b5d00c97f736998b
      size: 57634
    - path: src/pet_breed_classification/config.py
      hash: md5
      md5: a7b65cd87bc49fd9f31731de60e5928a
      size: 1807
    - path: src/pet_breed_classification/corruptions.py
      hash: md5
      md5: 8b287d9b6be3cdf1a5ff77a04d2e5882
      size: 3559
    - path: src/pet_breed_classification/features.py
      hash: md5
      md5: 9635df9637d1cdf2b28c42b0e3c64970
      size: 1724
    - path: src/pet_breed_classification/helpers/corruption_effects.py
      hash: md5
      md5: ffdadc28a0d3d660507083aa16dacde8
      size: 3564
    - path: src/pet_breed_classification/manifest.py
      hash: md5
      md5: 86bc385f6c6f715ab82a29964144c690
      size: 5019
    outs:
    - path: data/processed/corrupted
      hash: md5
      md5: 36df662748c48b040326068cbd07c50b.dir
      size: 3383849776
      nfiles: 66042
    - path: data/processed/corrupted_manifest.json
      hash: md5
      md5: d52cc346d64e73a398a4e30bb5bd5436
      size: 20812610
